
Microsoft Visual Studio Solution File, Format Version 12.00
# Visual Studio Version 16
VisualStudioVersion = 16.0.30011.22
MinimumVisualStudioVersion = 10.0.40219.1
Project("{9A19103F-16F7-4668-BE54-9A1E7A4F7556}") = "Integrasi HTML", "Integrasi HTML.csproj", "{B568D08C-0415-4F76-9F96-5D8C895DC101}"
EndProject
Global
	GlobalSection(SolutionConfigurationPlatforms) = preSolution
		Debug|Any CPU = Debug|Any CPU
		Release|Any CPU = Release|Any CPU
	EndGlobalSection
	GlobalSection(ProjectConfigurationPlatforms) = postSolution
		{B568D08C-0415-4F76-9F96-5D8C895DC101}.Debug|Any CPU.ActiveCfg = Debug|Any CPU
		{B568D08C-0415-4F76-9F96-5D8C895DC101}.Debug|Any CPU.Build.0 = Debug|Any CPU
		{B568D08C-0415-4F76-9F96-5D8C895DC101}.Release|Any CPU.ActiveCfg = Release|Any CPU
		{B568D08C-0415-4F76-9F96-5D8C895DC101}.Release|Any CPU.Build.0 = Release|Any CPU
	EndGlobalSection
	GlobalSection(SolutionProperties) = preSolution
		HideSolutionNode = FALSE
	EndGlobalSection
	GlobalSection(ExtensibilityGlobals) = postSolution
		SolutionGuid = {A0D070AD-2066-441D-8E23-2F2DB7DB344D}
	EndGlobalSection
EndGlobal
